// !$*UTF8*$!
{
	archiveVersion = 1;
	classes = {
	};
	objectVersion = 48;
	objects = {

/* Begin PBXBuildFile section */
		4C5645E4E79D153BFD708057 /* Pods_GethExample.framework in Frameworks */ = {isa = PBXBuildFile; fileRef = 05F84D85ACE87E8338B90C59 /* Pods_GethExample.framework */; };
		529776FE1F8E9284007FF233 /* AppDelegate.swift in Sources */ = {isa = PBXBuildFile; fileRef = 529776FD1F8E9284007FF233 /* AppDelegate.swift */; };
		529777001F8E9284007FF233 /* MasterViewController.swift in Sources */ = {isa = PBXBuildFile; fileRef = 529776FF1F8E9284007FF233 /* MasterViewController.swift */; };
		529777021F8E9284007FF233 /* DetailViewController.swift in Sources */ = {isa = PBXBuildFile; fileRef = 529777011F8E9284007FF233 /* DetailViewController.swift */; };
		529777051F8E9284007FF233 /* Main.storyboard in Resources */ = {isa = PBXBuildFile; fileRef = 529777031F8E9284007FF233 /* Main.storyboard */; };
		529777071F8E9284007FF233 /* Assets.xcassets in Resources */ = {isa = PBXBuildFile; fileRef = 529777061F8E9284007FF233 /* Assets.xcassets */; };
		5297770A1F8E9284007FF233 /* LaunchScreen.storyboard in Resources */ = {isa = PBXBuildFile; fileRef = 529777081F8E9284007FF233 /* LaunchScreen.storyboard */; };
		5297773E1F8E969A007FF233 /* BigInt.swift in Sources */ = {isa = PBXBuildFile; fileRef = 529777321F8E9692007FF233 /* BigInt.swift */; };
		5297773F1F8E969A007FF233 /* GethAddresses.swift in Sources */ = {isa = PBXBuildFile; fileRef = 529777331F8E9692007FF233 /* GethAddresses.swift */; };
		529777401F8E969A007FF233 /* GethBigInt.swift in Sources */ = {isa = PBXBuildFile; fileRef = 529777341F8E9692007FF233 /* GethBigInt.swift */; };
		529777411F8E969A007FF233 /* GethHashes.swift in Sources */ = {isa = PBXBuildFile; fileRef = 529777351F8E9692007FF233 /* GethHashes.swift */; };
		529777421F8E969A007FF233 /* GethHeaders.swift in Sources */ = {isa = PBXBuildFile; fileRef = 529777361F8E9692007FF233 /* GethHeaders.swift */; };
		529777431F8E969A007FF233 /* GethLogs.swift in Sources */ = {isa = PBXBuildFile; fileRef = 529777371F8E9692007FF233 /* GethLogs.swift */; };
		529777441F8E969A007FF233 /* GethPeerInfos.swift in Sources */ = {isa = PBXBuildFile; fileRef = 529777381F8E9692007FF233 /* GethPeerInfos.swift */; };
		529777451F8E969A007FF233 /* GethStrings.swift in Sources */ = {isa = PBXBuildFile; fileRef = 529777391F8E9692007FF233 /* GethStrings.swift */; };
		529777461F8E969A007FF233 /* GethTopics.swift in Sources */ = {isa = PBXBuildFile; fileRef = 5297773A1F8E9692007FF233 /* GethTopics.swift */; };
		529777471F8E969A007FF233 /* GethTransactions.swift in Sources */ = {isa = PBXBuildFile; fileRef = 5297773B1F8E9692007FF233 /* GethTransactions.swift */; };
		529777481F8E969A007FF233 /* String.swift in Sources */ = {isa = PBXBuildFile; fileRef = 5297773C1F8E9692007FF233 /* String.swift */; };
		529777491F8E969A007FF233 /* TimeInterval.swift in Sources */ = {isa = PBXBuildFile; fileRef = 5297773D1F8E9692007FF233 /* TimeInterval.swift */; };
		5297774A1F8E96A1007FF233 /* Account.swift in Sources */ = {isa = PBXBuildFile; fileRef = 529777131F8E9692007FF233 /* Account.swift */; };
		5297774B1F8E96A1007FF233 /* Address.swift in Sources */ = {isa = PBXBuildFile; fileRef = 529777141F8E9692007FF233 /* Address.swift */; };
		5297774C1F8E96A1007FF233 /* Block.swift in Sources */ = {isa = PBXBuildFile; fileRef = 529777151F8E9692007FF233 /* Block.swift */; };
		5297774D1F8E96A1007FF233 /* Bloom.swift in Sources */ = {isa = PBXBuildFile; fileRef = 529777161F8E9692007FF233 /* Bloom.swift */; };
		5297774E1F8E96A1007FF233 /* ChainID.swift in Sources */ = {isa = PBXBuildFile; fileRef = 529777171F8E9692007FF233 /* ChainID.swift */; };
		5297774F1F8E96A2007FF233 /* Context.swift in Sources */ = {isa = PBXBuildFile; fileRef = 529777181F8E9692007FF233 /* Context.swift */; };
		529777501F8E96A2007FF233 /* ERC20Token.swift in Sources */ = {isa = PBXBuildFile; fileRef = 529777191F8E9692007FF233 /* ERC20Token.swift */; };
		529777511F8E96A2007FF233 /* Error.swift in Sources */ = {isa = PBXBuildFile; fileRef = 5297771A1F8E9692007FF233 /* Error.swift */; };
		529777521F8E96A2007FF233 /* EthereumClient.swift in Sources */ = {isa = PBXBuildFile; fileRef = 5297771B1F8E9692007FF233 /* EthereumClient.swift */; };
		529777541F8E96A2007FF233 /* FilterQuery.swift in Sources */ = {isa = PBXBuildFile; fileRef = 5297771D1F8E9692007FF233 /* FilterQuery.swift */; };
		529777551F8E96A2007FF233 /* Geth.swift in Sources */ = {isa = PBXBuildFile; fileRef = 5297771E1F8E9692007FF233 /* Geth.swift */; };
		529777561F8E96A2007FF233 /* Hash.swift in Sources */ = {isa = PBXBuildFile; fileRef = 5297771F1F8E9692007FF233 /* Hash.swift */; };
		529777571F8E96A2007FF233 /* Header.swift in Sources */ = {isa = PBXBuildFile; fileRef = 529777201F8E9692007FF233 /* Header.swift */; };
		529777581F8E96A2007FF233 /* KeyStore.swift in Sources */ = {isa = PBXBuildFile; fileRef = 529777211F8E9692007FF233 /* KeyStore.swift */; };
		529777591F8E96A2007FF233 /* Log.swift in Sources */ = {isa = PBXBuildFile; fileRef = 529777221F8E9692007FF233 /* Log.swift */; };
		5297775A1F8E96A2007FF233 /* Message.swift in Sources */ = {isa = PBXBuildFile; fileRef = 529777231F8E9692007FF233 /* Message.swift */; };
		5297775B1F8E96A2007FF233 /* Node.swift in Sources */ = {isa = PBXBuildFile; fileRef = 529777241F8E9692007FF233 /* Node.swift */; };
		5297775C1F8E96A2007FF233 /* NodeConfig.swift in Sources */ = {isa = PBXBuildFile; fileRef = 529777251F8E9692007FF233 /* NodeConfig.swift */; };
		5297775D1F8E96A2007FF233 /* NodeInfo.swift in Sources */ = {isa = PBXBuildFile; fileRef = 529777261F8E9692007FF233 /* NodeInfo.swift */; };
		5297775E1F8E96A2007FF233 /* Nonce.swift in Sources */ = {isa = PBXBuildFile; fileRef = 529777271F8E9692007FF233 /* Nonce.swift */; };
		5297775F1F8E96A2007FF233 /* PeerInfo.swift in Sources */ = {isa = PBXBuildFile; fileRef = 529777281F8E9692007FF233 /* PeerInfo.swift */; };
		529777601F8E96A2007FF233 /* SyncProgress.swift in Sources */ = {isa = PBXBuildFile; fileRef = 529777291F8E9692007FF233 /* SyncProgress.swift */; };
		529777611F8E96A2007FF233 /* Transaction.swift in Sources */ = {isa = PBXBuildFile; fileRef = 5297772A1F8E9692007FF233 /* Transaction.swift */; };
		529777621F8E96A2007FF233 /* TransactOptions.swift in Sources */ = {isa = PBXBuildFile; fileRef = 5297772B1F8E9692007FF233 /* TransactOptions.swift */; };
		529777631F8E96A8007FF233 /* BlockNumber.swift in Sources */ = {isa = PBXBuildFile; fileRef = 5297772D1F8E9692007FF233 /* BlockNumber.swift */; };
		529777641F8E96A8007FF233 /* Gas.swift in Sources */ = {isa = PBXBuildFile; fileRef = 5297772E1F8E9692007FF233 /* Gas.swift */; };
		529777651F8E96A8007FF233 /* Topic.swift in Sources */ = {isa = PBXBuildFile; fileRef = 5297772F1F8E9692007FF233 /* Topic.swift */; };
		529777661F8E96A8007FF233 /* Wei.swift in Sources */ = {isa = PBXBuildFile; fileRef = 529777301F8E9692007FF233 /* Wei.swift */; };
		529777681F8E9822007FF233 /* JSONDictionary.swift in Sources */ = {isa = PBXBuildFile; fileRef = 529777671F8E9821007FF233 /* JSONDictionary.swift */; };
/* End PBXBuildFile section */

/* Begin PBXFileReference section */
		05F84D85ACE87E8338B90C59 /* Pods_GethExample.framework */ = {isa = PBXFileReference; explicitFileType = wrapper.framework; includeInIndex = 0; path = Pods_GethExample.framework; sourceTree = BUILT_PRODUCTS_DIR; };
		529776FA1F8E9284007FF233 /* GethExample.app */ = {isa = PBXFileReference; explicitFileType = wrapper.application; includeInIndex = 0; path = GethExample.app; sourceTree = BUILT_PRODUCTS_DIR; };
		529776FD1F8E9284007FF233 /* AppDelegate.swift */ = {isa = PBXFileReference; lastKnownFileType = sourcecode.swift; path = AppDelegate.swift; sourceTree = "<group>"; };
		529776FF1F8E9284007FF233 /* MasterViewController.swift */ = {isa = PBXFileReference; lastKnownFileType = sourcecode.swift; path = MasterViewController.swift; sourceTree = "<group>"; };
		529777011F8E9284007FF233 /* DetailViewController.swift */ = {isa = PBXFileReference; lastKnownFileType = sourcecode.swift; path = DetailViewController.swift; sourceTree = "<group>"; };
		529777041F8E9284007FF233 /* Base */ = {isa = PBXFileReference; lastKnownFileType = file.storyboard; name = Base; path = Base.lproj/Main.storyboard; sourceTree = "<group>"; };
		529777061F8E9284007FF233 /* Assets.xcassets */ = {isa = PBXFileReference; lastKnownFileType = folder.assetcatalog; path = Assets.xcassets; sourceTree = "<group>"; };
		529777091F8E9284007FF233 /* Base */ = {isa = PBXFileReference; lastKnownFileType = file.storyboard; name = Base; path = Base.lproj/LaunchScreen.storyboard; sourceTree = "<group>"; };
		5297770B1F8E9284007FF233 /* Info.plist */ = {isa = PBXFileReference; lastKnownFileType = text.plist.xml; path = Info.plist; sourceTree = "<group>"; };
		529777131F8E9692007FF233 /* Account.swift */ = {isa = PBXFileReference; lastKnownFileType = sourcecode.swift; path = Account.swift; sourceTree = "<group>"; };
		529777141F8E9692007FF233 /* Address.swift */ = {isa = PBXFileReference; lastKnownFileType = sourcecode.swift; path = Address.swift; sourceTree = "<group>"; };
		529777151F8E9692007FF233 /* Block.swift */ = {isa = PBXFileReference; lastKnownFileType = sourcecode.swift; path = Block.swift; sourceTree = "<group>"; };
		529777161F8E9692007FF233 /* Bloom.swift */ = {isa = PBXFileReference; lastKnownFileType = sourcecode.swift; path = Bloom.swift; sourceTree = "<group>"; };
		529777171F8E9692007FF233 /* ChainID.swift */ = {isa = PBXFileReference; lastKnownFileType = sourcecode.swift; path = ChainID.swift; sourceTree = "<group>"; };
		529777181F8E9692007FF233 /* Context.swift */ = {isa = PBXFileReference; lastKnownFileType = sourcecode.swift; path = Context.swift; sourceTree = "<group>"; };
		529777191F8E9692007FF233 /* ERC20Token.swift */ = {isa = PBXFileReference; lastKnownFileType = sourcecode.swift; path = ERC20Token.swift; sourceTree = "<group>"; };
		5297771A1F8E9692007FF233 /* Error.swift */ = {isa = PBXFileReference; lastKnownFileType = sourcecode.swift; path = Error.swift; sourceTree = "<group>"; };
		5297771B1F8E9692007FF233 /* EthereumClient.swift */ = {isa = PBXFileReference; lastKnownFileType = sourcecode.swift; path = EthereumClient.swift; sourceTree = "<group>"; };
		5297771D1F8E9692007FF233 /* FilterQuery.swift */ = {isa = PBXFileReference; lastKnownFileType = sourcecode.swift; path = FilterQuery.swift; sourceTree = "<group>"; };
		5297771E1F8E9692007FF233 /* Geth.swift */ = {isa = PBXFileReference; lastKnownFileType = sourcecode.swift; path = Geth.swift; sourceTree = "<group>"; };
		5297771F1F8E9692007FF233 /* Hash.swift */ = {isa = PBXFileReference; lastKnownFileType = sourcecode.swift; path = Hash.swift; sourceTree = "<group>"; };
		529777201F8E9692007FF233 /* Header.swift */ = {isa = PBXFileReference; lastKnownFileType = sourcecode.swift; path = Header.swift; sourceTree = "<group>"; };
		529777211F8E9692007FF233 /* KeyStore.swift */ = {isa = PBXFileReference; lastKnownFileType = sourcecode.swift; path = KeyStore.swift; sourceTree = "<group>"; };
		529777221F8E9692007FF233 /* Log.swift */ = {isa = PBXFileReference; lastKnownFileType = sourcecode.swift; path = Log.swift; sourceTree = "<group>"; };
		529777231F8E9692007FF233 /* Message.swift */ = {isa = PBXFileReference; lastKnownFileType = sourcecode.swift; path = Message.swift; sourceTree = "<group>"; };
		529777241F8E9692007FF233 /* Node.swift */ = {isa = PBXFileReference; lastKnownFileType = sourcecode.swift; path = Node.swift; sourceTree = "<group>"; };
		529777251F8E9692007FF233 /* NodeConfig.swift */ = {isa = PBXFileReference; lastKnownFileType = sourcecode.swift; path = NodeConfig.swift; sourceTree = "<group>"; };
		529777261F8E9692007FF233 /* NodeInfo.swift */ = {isa = PBXFileReference; lastKnownFileType = sourcecode.swift; path = NodeInfo.swift; sourceTree = "<group>"; };
		529777271F8E9692007FF233 /* Nonce.swift */ = {isa = PBXFileReference; lastKnownFileType = sourcecode.swift; path = Nonce.swift; sourceTree = "<group>"; };
		529777281F8E9692007FF233 /* PeerInfo.swift */ = {isa = PBXFileReference; lastKnownFileType = sourcecode.swift; path = PeerInfo.swift; sourceTree = "<group>"; };
		529777291F8E9692007FF233 /* SyncProgress.swift */ = {isa = PBXFileReference; lastKnownFileType = sourcecode.swift; path = SyncProgress.swift; sourceTree = "<group>"; };
		5297772A1F8E9692007FF233 /* Transaction.swift */ = {isa = PBXFileReference; lastKnownFileType = sourcecode.swift; path = Transaction.swift; sourceTree = "<group>"; };
		5297772B1F8E9692007FF233 /* TransactOptions.swift */ = {isa = PBXFileReference; lastKnownFileType = sourcecode.swift; path = TransactOptions.swift; sourceTree = "<group>"; };
		5297772D1F8E9692007FF233 /* BlockNumber.swift */ = {isa = PBXFileReference; lastKnownFileType = sourcecode.swift; path = BlockNumber.swift; sourceTree = "<group>"; };
		5297772E1F8E9692007FF233 /* Gas.swift */ = {isa = PBXFileReference; lastKnownFileType = sourcecode.swift; path = Gas.swift; sourceTree = "<group>"; };
		5297772F1F8E9692007FF233 /* Topic.swift */ = {isa = PBXFileReference; lastKnownFileType = sourcecode.swift; path = Topic.swift; sourceTree = "<group>"; };
		529777301F8E9692007FF233 /* Wei.swift */ = {isa = PBXFileReference; lastKnownFileType = sourcecode.swift; path = Wei.swift; sourceTree = "<group>"; };
		529777321F8E9692007FF233 /* BigInt.swift */ = {isa = PBXFileReference; lastKnownFileType = sourcecode.swift; path = BigInt.swift; sourceTree = "<group>"; };
		529777331F8E9692007FF233 /* GethAddresses.swift */ = {isa = PBXFileReference; lastKnownFileType = sourcecode.swift; path = GethAddresses.swift; sourceTree = "<group>"; };
		529777341F8E9692007FF233 /* GethBigInt.swift */ = {isa = PBXFileReference; lastKnownFileType = sourcecode.swift; path = GethBigInt.swift; sourceTree = "<group>"; };
		529777351F8E9692007FF233 /* GethHashes.swift */ = {isa = PBXFileReference; lastKnownFileType = sourcecode.swift; path = GethHashes.swift; sourceTree = "<group>"; };
		529777361F8E9692007FF233 /* GethHeaders.swift */ = {isa = PBXFileReference; lastKnownFileType = sourcecode.swift; path = GethHeaders.swift; sourceTree = "<group>"; };
		529777371F8E9692007FF233 /* GethLogs.swift */ = {isa = PBXFileReference; lastKnownFileType = sourcecode.swift; path = GethLogs.swift; sourceTree = "<group>"; };
		529777381F8E9692007FF233 /* GethPeerInfos.swift */ = {isa = PBXFileReference; lastKnownFileType = sourcecode.swift; path = GethPeerInfos.swift; sourceTree = "<group>"; };
		529777391F8E9692007FF233 /* GethStrings.swift */ = {isa = PBXFileReference; lastKnownFileType = sourcecode.swift; path = GethStrings.swift; sourceTree = "<group>"; };
		5297773A1F8E9692007FF233 /* GethTopics.swift */ = {isa = PBXFileReference; lastKnownFileType = sourcecode.swift; path = GethTopics.swift; sourceTree = "<group>"; };
		5297773B1F8E9692007FF233 /* GethTransactions.swift */ = {isa = PBXFileReference; lastKnownFileType = sourcecode.swift; path = GethTransactions.swift; sourceTree = "<group>"; };
		5297773C1F8E9692007FF233 /* String.swift */ = {isa = PBXFileReference; lastKnownFileType = sourcecode.swift; path = String.swift; sourceTree = "<group>"; };
		5297773D1F8E9692007FF233 /* TimeInterval.swift */ = {isa = PBXFileReference; lastKnownFileType = sourcecode.swift; path = TimeInterval.swift; sourceTree = "<group>"; };
		529777671F8E9821007FF233 /* JSONDictionary.swift */ = {isa = PBXFileReference; lastKnownFileType = sourcecode.swift; path = JSONDictionary.swift; sourceTree = "<group>"; };
		6447703ED682095C02E1F9DD /* Pods-GethExample.debug.xcconfig */ = {isa = PBXFileReference; includeInIndex = 1; lastKnownFileType = text.xcconfig; name = "Pods-GethExample.debug.xcconfig"; path = "Pods/Target Support Files/Pods-GethExample/Pods-GethExample.debug.xcconfig"; sourceTree = "<group>"; };
		F3FCCD1D40A876061B0D399E /* Pods-GethExample.release.xcconfig */ = {isa = PBXFileReference; includeInIndex = 1; lastKnownFileType = text.xcconfig; name = "Pods-GethExample.release.xcconfig"; path = "Pods/Target Support Files/Pods-GethExample/Pods-GethExample.release.xcconfig"; sourceTree = "<group>"; };
/* End PBXFileReference section */

/* Begin PBXFrameworksBuildPhase section */
		529776F71F8E9284007FF233 /* Frameworks */ = {
			isa = PBXFrameworksBuildPhase;
			buildActionMask = 2147483647;
			files = (
				4C5645E4E79D153BFD708057 /* Pods_GethExample.framework in Frameworks */,
			);
			runOnlyForDeploymentPostprocessing = 0;
		};
/* End PBXFrameworksBuildPhase section */

/* Begin PBXGroup section */
		3C072260FE377DBEC92F18AB /* Frameworks */ = {
			isa = PBXGroup;
			children = (
				05F84D85ACE87E8338B90C59 /* Pods_GethExample.framework */,
			);
			name = Frameworks;
			sourceTree = "<group>";
		};
		529776F11F8E9284007FF233 = {
			isa = PBXGroup;
			children = (
				529776FC1F8E9284007FF233 /* GethExample */,
				529776FB1F8E9284007FF233 /* Products */,
				D4DB40C05E8F48DAB8EEAE70 /* Pods */,
				3C072260FE377DBEC92F18AB /* Frameworks */,
			);
			sourceTree = "<group>";
		};
		529776FB1F8E9284007FF233 /* Products */ = {
			isa = PBXGroup;
			children = (
				529776FA1F8E9284007FF233 /* GethExample.app */,
			);
			name = Products;
			sourceTree = "<group>";
		};
		529776FC1F8E9284007FF233 /* GethExample */ = {
			isa = PBXGroup;
			children = (
				529777111F8E964D007FF233 /* Swifthereum */,
				529776FD1F8E9284007FF233 /* AppDelegate.swift */,
				529776FF1F8E9284007FF233 /* MasterViewController.swift */,
				529777011F8E9284007FF233 /* DetailViewController.swift */,
				529777031F8E9284007FF233 /* Main.storyboard */,
				529777061F8E9284007FF233 /* Assets.xcassets */,
				529777081F8E9284007FF233 /* LaunchScreen.storyboard */,
				5297770B1F8E9284007FF233 /* Info.plist */,
			);
			path = GethExample;
			sourceTree = "<group>";
		};
		529777111F8E964D007FF233 /* Swifthereum */ = {
			isa = PBXGroup;
			children = (
				529777311F8E9692007FF233 /* Extensions */,
				529777121F8E9692007FF233 /* Geth */,
				5297772C1F8E9692007FF233 /* Typealias */,
			);
			path = Swifthereum;
			sourceTree = "<group>";
		};
		529777121F8E9692007FF233 /* Geth */ = {
			isa = PBXGroup;
			children = (
				529777131F8E9692007FF233 /* Account.swift */,
				529777141F8E9692007FF233 /* Address.swift */,
				529777151F8E9692007FF233 /* Block.swift */,
				529777161F8E9692007FF233 /* Bloom.swift */,
				529777171F8E9692007FF233 /* ChainID.swift */,
				529777181F8E9692007FF233 /* Context.swift */,
				529777191F8E9692007FF233 /* ERC20Token.swift */,
				5297771A1F8E9692007FF233 /* Error.swift */,
				5297771B1F8E9692007FF233 /* EthereumClient.swift */,
				5297771D1F8E9692007FF233 /* FilterQuery.swift */,
				5297771E1F8E9692007FF233 /* Geth.swift */,
				5297771F1F8E9692007FF233 /* Hash.swift */,
				529777201F8E9692007FF233 /* Header.swift */,
				529777211F8E9692007FF233 /* KeyStore.swift */,
				529777221F8E9692007FF233 /* Log.swift */,
				529777231F8E9692007FF233 /* Message.swift */,
				529777241F8E9692007FF233 /* Node.swift */,
				529777251F8E9692007FF233 /* NodeConfig.swift */,
				529777261F8E9692007FF233 /* NodeInfo.swift */,
				529777271F8E9692007FF233 /* Nonce.swift */,
				529777281F8E9692007FF233 /* PeerInfo.swift */,
				529777291F8E9692007FF233 /* SyncProgress.swift */,
				5297772A1F8E9692007FF233 /* Transaction.swift */,
				5297772B1F8E9692007FF233 /* TransactOptions.swift */,
			);
			name = Geth;
			path = ../../../../Swifthereum/Classes/Geth;
			sourceTree = "<group>";
		};
		5297772C1F8E9692007FF233 /* Typealias */ = {
			isa = PBXGroup;
			children = (
				529777671F8E9821007FF233 /* JSONDictionary.swift */,
				5297772D1F8E9692007FF233 /* BlockNumber.swift */,
				5297772E1F8E9692007FF233 /* Gas.swift */,
				5297772F1F8E9692007FF233 /* Topic.swift */,
				529777301F8E9692007FF233 /* Wei.swift */,
			);
			name = Typealias;
			path = ../../../../Swifthereum/Classes/Typealias;
			sourceTree = "<group>";
		};
		529777311F8E9692007FF233 /* Extensions */ = {
			isa = PBXGroup;
			children = (
				529777321F8E9692007FF233 /* BigInt.swift */,
				529777331F8E9692007FF233 /* GethAddresses.swift */,
				529777341F8E9692007FF233 /* GethBigInt.swift */,
				529777351F8E9692007FF233 /* GethHashes.swift */,
				529777361F8E9692007FF233 /* GethHeaders.swift */,
				529777371F8E9692007FF233 /* GethLogs.swift */,
				529777381F8E9692007FF233 /* GethPeerInfos.swift */,
				529777391F8E9692007FF233 /* GethStrings.swift */,
				5297773A1F8E9692007FF233 /* GethTopics.swift */,
				5297773B1F8E9692007FF233 /* GethTransactions.swift */,
				5297773C1F8E9692007FF233 /* String.swift */,
				5297773D1F8E9692007FF233 /* TimeInterval.swift */,
			);
			name = Extensions;
			path = ../../../../Swifthereum/Classes/Extensions;
			sourceTree = "<group>";
		};
		D4DB40C05E8F48DAB8EEAE70 /* Pods */ = {
			isa = PBXGroup;
			children = (
				6447703ED682095C02E1F9DD /* Pods-GethExample.debug.xcconfig */,
				F3FCCD1D40A876061B0D399E /* Pods-GethExample.release.xcconfig */,
			);
			name = Pods;
			sourceTree = "<group>";
		};
/* End PBXGroup section */

/* Begin PBXNativeTarget section */
		529776F91F8E9284007FF233 /* GethExample */ = {
			isa = PBXNativeTarget;
			buildConfigurationList = 5297770E1F8E9284007FF233 /* Build configuration list for PBXNativeTarget "GethExample" */;
			buildPhases = (
				BBF22B2439787232D78B532B /* [CP] Check Pods Manifest.lock */,
				529776F61F8E9284007FF233 /* Sources */,
				529776F71F8E9284007FF233 /* Frameworks */,
				529776F81F8E9284007FF233 /* Resources */,
				7C3A49FA7700F4D6BD6EEAAD /* [CP] Embed Pods Frameworks */,
				B66AF2789B6AC08325B03979 /* [CP] Copy Pods Resources */,
			);
			buildRules = (
			);
			dependencies = (
			);
			name = GethExample;
			productName = GethExample;
			productReference = 529776FA1F8E9284007FF233 /* GethExample.app */;
			productType = "com.apple.product-type.application";
		};
/* End PBXNativeTarget section */

/* Begin PBXProject section */
		529776F21F8E9284007FF233 /* Project object */ = {
			isa = PBXProject;
			attributes = {
				LastSwiftUpdateCheck = 0900;
				LastUpgradeCheck = 0900;
				ORGANIZATIONNAME = "Indisputable Labs";
				TargetAttributes = {
					529776F91F8E9284007FF233 = {
						CreatedOnToolsVersion = 9.0;
						ProvisioningStyle = Automatic;
					};
				};
			};
			buildConfigurationList = 529776F51F8E9284007FF233 /* Build configuration list for PBXProject "GethExample" */;
			compatibilityVersion = "Xcode 8.0";
			developmentRegion = en;
			hasScannedForEncodings = 0;
			knownRegions = (
				en,
				Base,
			);
			mainGroup = 529776F11F8E9284007FF233;
			productRefGroup = 529776FB1F8E9284007FF233 /* Products */;
			projectDirPath = "";
			projectRoot = "";
			targets = (
				529776F91F8E9284007FF233 /* GethExample */,
			);
		};
/* End PBXProject section */

/* Begin PBXResourcesBuildPhase section */
		529776F81F8E9284007FF233 /* Resources */ = {
			isa = PBXResourcesBuildPhase;
			buildActionMask = 2147483647;
			files = (
				5297770A1F8E9284007FF233 /* LaunchScreen.storyboard in Resources */,
				529777071F8E9284007FF233 /* Assets.xcassets in Resources */,
				529777051F8E9284007FF233 /* Main.storyboard in Resources */,
			);
			runOnlyForDeploymentPostprocessing = 0;
		};
/* End PBXResourcesBuildPhase section */

/* Begin PBXShellScriptBuildPhase section */
		7C3A49FA7700F4D6BD6EEAAD /* [CP] Embed Pods Frameworks */ = {
			isa = PBXShellScriptBuildPhase;
			buildActionMask = 2147483647;
			files = (
			);
			inputPaths = (
				"${SRCROOT}/Pods/Target Support Files/Pods-GethExample/Pods-GethExample-frameworks.sh",
				"${BUILT_PRODUCTS_DIR}/BigInt/BigInt.framework",
				"${BUILT_PRODUCTS_DIR}/SipHash/SipHash.framework",
			);
			name = "[CP] Embed Pods Frameworks";
			outputPaths = (
				"${TARGET_BUILD_DIR}/${FRAMEWORKS_FOLDER_PATH}/BigInt.framework",
				"${TARGET_BUILD_DIR}/${FRAMEWORKS_FOLDER_PATH}/SipHash.framework",
			);
			runOnlyForDeploymentPostprocessing = 0;
			shellPath = /bin/sh;
			shellScript = "\"${SRCROOT}/Pods/Target Support Files/Pods-GethExample/Pods-GethExample-frameworks.sh\"\n";
			showEnvVarsInLog = 0;
		};
		B66AF2789B6AC08325B03979 /* [CP] Copy Pods Resources */ = {
			isa = PBXShellScriptBuildPhase;
			buildActionMask = 2147483647;
			files = (
			);
			inputPaths = (
			);
			name = "[CP] Copy Pods Resources";
			outputPaths = (
			);
			runOnlyForDeploymentPostprocessing = 0;
			shellPath = /bin/sh;
			shellScript = "\"${SRCROOT}/Pods/Target Support Files/Pods-GethExample/Pods-GethExample-resources.sh\"\n";
			showEnvVarsInLog = 0;
		};
		BBF22B2439787232D78B532B /* [CP] Check Pods Manifest.lock */ = {
			isa = PBXShellScriptBuildPhase;
			buildActionMask = 2147483647;
			files = (
			);
			inputPaths = (
				"${PODS_PODFILE_DIR_PATH}/Podfile.lock",
				"${PODS_ROOT}/Manifest.lock",
			);
			name = "[CP] Check Pods Manifest.lock";
			outputPaths = (
				"$(DERIVED_FILE_DIR)/Pods-GethExample-checkManifestLockResult.txt",
			);
			runOnlyForDeploymentPostprocessing = 0;
			shellPath = /bin/sh;
			shellScript = "diff \"${PODS_PODFILE_DIR_PATH}/Podfile.lock\" \"${PODS_ROOT}/Manifest.lock\" > /dev/null\nif [ $? != 0 ] ; then\n    # print error to STDERR\n    echo \"error: The sandbox is not in sync with the Podfile.lock. Run 'pod install' or update your CocoaPods installation.\" >&2\n    exit 1\nfi\n# This output is used by Xcode 'outputs' to avoid re-running this script phase.\necho \"SUCCESS\" > \"${SCRIPT_OUTPUT_FILE_0}\"\n";
			showEnvVarsInLog = 0;
		};
/* End PBXShellScriptBuildPhase section */

/* Begin PBXSourcesBuildPhase section */
		529776F61F8E9284007FF233 /* Sources */ = {
			isa = PBXSourcesBuildPhase;
			buildActionMask = 2147483647;
			files = (
				529777421F8E969A007FF233 /* GethHeaders.swift in Sources */,
				529777491F8E969A007FF233 /* TimeInterval.swift in Sources */,
				529777591F8E96A2007FF233 /* Log.swift in Sources */,
				529777511F8E96A2007FF233 /* Error.swift in Sources */,
				529777621F8E96A2007FF233 /* TransactOptions.swift in Sources */,
				529777461F8E969A007FF233 /* GethTopics.swift in Sources */,
				5297775C1F8E96A2007FF233 /* NodeConfig.swift in Sources */,
				5297774F1F8E96A2007FF233 /* Context.swift in Sources */,
				529777601F8E96A2007FF233 /* SyncProgress.swift in Sources */,
				529777521F8E96A2007FF233 /* EthereumClient.swift in Sources */,
				529777661F8E96A8007FF233 /* Wei.swift in Sources */,
				529777681F8E9822007FF233 /* JSONDictionary.swift in Sources */,
				529777441F8E969A007FF233 /* GethPeerInfos.swift in Sources */,
				529777551F8E96A2007FF233 /* Geth.swift in Sources */,
				5297773E1F8E969A007FF233 /* BigInt.swift in Sources */,
				529777651F8E96A8007FF233 /* Topic.swift in Sources */,
				529777501F8E96A2007FF233 /* ERC20Token.swift in Sources */,
				5297775B1F8E96A2007FF233 /* Node.swift in Sources */,
				5297775F1F8E96A2007FF233 /* PeerInfo.swift in Sources */,
				529777631F8E96A8007FF233 /* BlockNumber.swift in Sources */,
				5297775D1F8E96A2007FF233 /* NodeInfo.swift in Sources */,
				5297774A1F8E96A1007FF233 /* Account.swift in Sources */,
				529777481F8E969A007FF233 /* String.swift in Sources */,
				5297773F1F8E969A007FF233 /* GethAddresses.swift in Sources */,
				529777451F8E969A007FF233 /* GethStrings.swift in Sources */,
				529777411F8E969A007FF233 /* GethHashes.swift in Sources */,
				5297775E1F8E96A2007FF233 /* Nonce.swift in Sources */,
				529777401F8E969A007FF233 /* GethBigInt.swift in Sources */,
				529777541F8E96A2007FF233 /* FilterQuery.swift in Sources */,
				529777471F8E969A007FF233 /* GethTransactions.swift in Sources */,
				5297774B1F8E96A1007FF233 /* Address.swift in Sources */,
				529777641F8E96A8007FF233 /* Gas.swift in Sources */,
				5297775A1F8E96A2007FF233 /* Message.swift in Sources */,
				529777021F8E9284007FF233 /* DetailViewController.swift in Sources */,
				529777001F8E9284007FF233 /* MasterViewController.swift in Sources */,
				5297774C1F8E96A1007FF233 /* Block.swift in Sources */,
				529777611F8E96A2007FF233 /* Transaction.swift in Sources */,
				5297774E1F8E96A1007FF233 /* ChainID.swift in Sources */,
				5297774D1F8E96A1007FF233 /* Bloom.swift in Sources */,
				529777571F8E96A2007FF233 /* Header.swift in Sources */,
				529776FE1F8E9284007FF233 /* AppDelegate.swift in Sources */,
				529777581F8E96A2007FF233 /* KeyStore.swift in Sources */,
				529777561F8E96A2007FF233 /* Hash.swift in Sources */,
				529777431F8E969A007FF233 /* GethLogs.swift in Sources */,
			);
			runOnlyForDeploymentPostprocessing = 0;
		};
/* End PBXSourcesBuildPhase section */

/* Begin PBXVariantGroup section */
		529777031F8E9284007FF233 /* Main.storyboard */ = {
			isa = PBXVariantGroup;
			children = (
				529777041F8E9284007FF233 /* Base */,
			);
			name = Main.storyboard;
			sourceTree = "<group>";
		};
		529777081F8E9284007FF233 /* LaunchScreen.storyboard */ = {
			isa = PBXVariantGroup;
			children = (
				529777091F8E9284007FF233 /* Base */,
			);
			name = LaunchScreen.storyboard;
			sourceTree = "<group>";
		};
/* End PBXVariantGroup section */

/* Begin XCBuildConfiguration section */
		5297770C1F8E9284007FF233 /* Debug */ = {
			isa = XCBuildConfiguration;
			buildSettings = {
				ALWAYS_SEARCH_USER_PATHS = NO;
				CLANG_ANALYZER_NONNULL = YES;
				CLANG_ANALYZER_NUMBER_OBJECT_CONVERSION = YES_AGGRESSIVE;
				CLANG_CXX_LANGUAGE_STANDARD = "gnu++14";
				CLANG_CXX_LIBRARY = "libc++";
				CLANG_ENABLE_MODULES = YES;
				CLANG_ENABLE_OBJC_ARC = YES;
				CLANG_WARN_BLOCK_CAPTURE_AUTORELEASING = YES;
				CLANG_WARN_BOOL_CONVERSION = YES;
				CLANG_WARN_COMMA = YES;
				CLANG_WARN_CONSTANT_CONVERSION = YES;
				CLANG_WARN_DIRECT_OBJC_ISA_USAGE = YES_ERROR;
				CLANG_WARN_DOCUMENTATION_COMMENTS = YES;
				CLANG_WARN_EMPTY_BODY = YES;
				CLANG_WARN_ENUM_CONVERSION = YES;
				CLANG_WARN_INFINITE_RECURSION = YES;
				CLANG_WARN_INT_CONVERSION = YES;
				CLANG_WARN_NON_LITERAL_NULL_CONVERSION = YES;
				CLANG_WARN_OBJC_LITERAL_CONVERSION = YES;
				CLANG_WARN_OBJC_ROOT_CLASS = YES_ERROR;
				CLANG_WARN_RANGE_LOOP_ANALYSIS = YES;
				CLANG_WARN_STRICT_PROTOTYPES = YES;
				CLANG_WARN_SUSPICIOUS_MOVE = YES;
				CLANG_WARN_UNGUARDED_AVAILABILITY = YES_AGGRESSIVE;
				CLANG_WARN_UNREACHABLE_CODE = YES;
				CLANG_WARN__DUPLICATE_METHOD_MATCH = YES;
				CODE_SIGN_IDENTITY = "iPhone Developer";
				COPY_PHASE_STRIP = NO;
				DEBUG_INFORMATION_FORMAT = dwarf;
				ENABLE_STRICT_OBJC_MSGSEND = YES;
				ENABLE_TESTABILITY = YES;
				GCC_C_LANGUAGE_STANDARD = gnu11;
				GCC_DYNAMIC_NO_PIC = NO;
				GCC_NO_COMMON_BLOCKS = YES;
				GCC_OPTIMIZATION_LEVEL = 0;
				GCC_PREPROCESSOR_DEFINITIONS = (
					"DEBUG=1",
					"$(inherited)",
				);
				GCC_WARN_64_TO_32_BIT_CONVERSION = YES;
				GCC_WARN_ABOUT_RETURN_TYPE = YES_ERROR;
				GCC_WARN_UNDECLARED_SELECTOR = YES;
				GCC_WARN_UNINITIALIZED_AUTOS = YES_AGGRESSIVE;
				GCC_WARN_UNUSED_FUNCTION = YES;
				GCC_WARN_UNUSED_VARIABLE = YES;
				IPHONEOS_DEPLOYMENT_TARGET = 11.0;
				MTL_ENABLE_DEBUG_INFO = YES;
				ONLY_ACTIVE_ARCH = YES;
				SDKROOT = iphoneos;
				SWIFT_ACTIVE_COMPILATION_CONDITIONS = DEBUG;
				SWIFT_OPTIMIZATION_LEVEL = "-Onone";
			};
			name = Debug;
		};
		5297770D1F8E9284007FF233 /* Release */ = {
			isa = XCBuildConfiguration;
			buildSettings = {
				ALWAYS_SEARCH_USER_PATHS = NO;
				CLANG_ANALYZER_NONNULL = YES;
				CLANG_ANALYZER_NUMBER_OBJECT_CONVERSION = YES_AGGRESSIVE;
				CLANG_CXX_LANGUAGE_STANDARD = "gnu++14";
				CLANG_CXX_LIBRARY = "libc++";
				CLANG_ENABLE_MODULES = YES;
				CLANG_ENABLE_OBJC_ARC = YES;
				CLANG_WARN_BLOCK_CAPTURE_AUTORELEASING = YES;
				CLANG_WARN_BOOL_CONVERSION = YES;
				CLANG_WARN_COMMA = YES;
				CLANG_WARN_CONSTANT_CONVERSION = YES;
				CLANG_WARN_DIRECT_OBJC_ISA_USAGE = YES_ERROR;
				CLANG_WARN_DOCUMENTATION_COMMENTS = YES;
				CLANG_WARN_EMPTY_BODY = YES;
				CLANG_WARN_ENUM_CONVERSION = YES;
				CLANG_WARN_INFINITE_RECURSION = YES;
				CLANG_WARN_INT_CONVERSION = YES;
				CLANG_WARN_NON_LITERAL_NULL_CONVERSION = YES;
				CLANG_WARN_OBJC_LITERAL_CONVERSION = YES;
				CLANG_WARN_OBJC_ROOT_CLASS = YES_ERROR;
				CLANG_WARN_RANGE_LOOP_ANALYSIS = YES;
				CLANG_WARN_STRICT_PROTOTYPES = YES;
				CLANG_WARN_SUSPICIOUS_MOVE = YES;
				CLANG_WARN_UNGUARDED_AVAILABILITY = YES_AGGRESSIVE;
				CLANG_WARN_UNREACHABLE_CODE = YES;
				CLANG_WARN__DUPLICATE_METHOD_MATCH = YES;
				CODE_SIGN_IDENTITY = "iPhone Developer";
				COPY_PHASE_STRIP = NO;
				DEBUG_INFORMATION_FORMAT = "dwarf-with-dsym";
				ENABLE_NS_ASSERTIONS = NO;
				ENABLE_STRICT_OBJC_MSGSEND = YES;
				GCC_C_LANGUAGE_STANDARD = gnu11;
				GCC_NO_COMMON_BLOCKS = YES;
				GCC_WARN_64_TO_32_BIT_CONVERSION = YES;
				GCC_WARN_ABOUT_RETURN_TYPE = YES_ERROR;
				GCC_WARN_UNDECLARED_SELECTOR = YES;
				GCC_WARN_UNINITIALIZED_AUTOS = YES_AGGRESSIVE;
				GCC_WARN_UNUSED_FUNCTION = YES;
				GCC_WARN_UNUSED_VARIABLE = YES;
				IPHONEOS_DEPLOYMENT_TARGET = 11.0;
				MTL_ENABLE_DEBUG_INFO = NO;
				SDKROOT = iphoneos;
				SWIFT_OPTIMIZATION_LEVEL = "-Owholemodule";
				VALIDATE_PRODUCT = YES;
			};
			name = Release;
		};
		5297770F1F8E9284007FF233 /* Debug */ = {
			isa = XCBuildConfiguration;
			baseConfigurationReference = 6447703ED682095C02E1F9DD /* Pods-GethExample.debug.xcconfig */;
			buildSettings = {
				ASSETCATALOG_COMPILER_APPICON_NAME = AppIcon;
				CODE_SIGN_STYLE = Automatic;
				DEVELOPMENT_TEAM = QS2K96ZEMY;
				ENABLE_BITCODE = NO;
				INFOPLIST_FILE = GethExample/Info.plist;
				LD_RUNPATH_SEARCH_PATHS = "$(inherited) @executable_path/Frameworks";
				PRODUCT_BUNDLE_IDENTIFIER = io.indisputable.GethExample;
				PRODUCT_NAME = "$(TARGET_NAME)";
				SWIFT_VERSION = 4.0;
				TARGETED_DEVICE_FAMILY = "1,2";
			};
			name = Debug;
		};
		529777101F8E9284007FF233 /* Release */ = {
			isa = XCBuildConfiguration;
			baseConfigurationReference = F3FCCD1D40A876061B0D399E /* Pods-GethExample.release.xcconfig */;
			buildSettings = {
				ASSETCATALOG_COMPILER_APPICON_NAME = AppIcon;
				CODE_SIGN_STYLE = Automatic;
				DEVELOPMENT_TEAM = QS2K96ZEMY;
				ENABLE_BITCODE = NO;
				INFOPLIST_FILE = GethExample/Info.plist;
				LD_RUNPATH_SEARCH_PATHS = "$(inherited) @executable_path/Frameworks";
				PRODUCT_BUNDLE_IDENTIFIER = io.indisputable.GethExample;
				PRODUCT_NAME = "$(TARGET_NAME)";
				SWIFT_VERSION = 4.0;
				TARGETED_DEVICE_FAMILY = "1,2";
			};
			name = Release;
		};
/* End XCBuildConfiguration section */

/* Begin XCConfigurationList section */
		529776F51F8E9284007FF233 /* Build configuration list for PBXProject "GethExample" */ = {
			isa = XCConfigurationList;
			buildConfigurations = (
				5297770C1F8E9284007FF233 /* Debug */,
				5297770D1F8E9284007FF233 /* Release */,
			);
			defaultConfigurationIsVisible = 0;
			defaultConfigurationName = Release;
		};
		5297770E1F8E9284007FF233 /* Build configuration list for PBXNativeTarget "GethExample" */ = {
			isa = XCConfigurationList;
			buildConfigurations = (
				5297770F1F8E9284007FF233 /* Debug */,
				529777101F8E9284007FF233 /* Release */,
			);
			defaultConfigurationIsVisible = 0;
			defaultConfigurationName = Release;
		};
/* End XCConfigurationList section */
	};
	rootObject = 529776F21F8E9284007FF233 /* Project object */;
}
