// !$*UTF8*$!
{
	archiveVersion = 1;
	classes = {
	};
	objectVersion = 48;
	objects = {

/* Begin PBXBuildFile section */
		5225C4A41F98691300E2BC9F /* AppDelegate.swift in Sources */ = {isa = PBXBuildFile; fileRef = 5225C4A31F98691300E2BC9F /* AppDelegate.swift */; };
		5225C4A61F98691300E2BC9F /* ViewController.swift in Sources */ = {isa = PBXBuildFile; fileRef = 5225C4A51F98691300E2BC9F /* ViewController.swift */; };
		5225C4A81F98691300E2BC9F /* Assets.xcassets in Resources */ = {isa = PBXBuildFile; fileRef = 5225C4A71F98691300E2BC9F /* Assets.xcassets */; };
		5225C4AB1F98691300E2BC9F /* Main.storyboard in Resources */ = {isa = PBXBuildFile; fileRef = 5225C4A91F98691300E2BC9F /* Main.storyboard */; };
		8B6F69EFDDA1BFA246BD0FCD /* Pods_MacEtherScan.framework in Frameworks */ = {isa = PBXBuildFile; fileRef = 2DB43662AF249EAA4DCE2BD7 /* Pods_MacEtherScan.framework */; };
/* End PBXBuildFile section */

/* Begin PBXFileReference section */
		2DB43662AF249EAA4DCE2BD7 /* Pods_MacEtherScan.framework */ = {isa = PBXFileReference; explicitFileType = wrapper.framework; includeInIndex = 0; path = Pods_MacEtherScan.framework; sourceTree = BUILT_PRODUCTS_DIR; };
		5225C4A01F98691300E2BC9F /* MacEtherScan.app */ = {isa = PBXFileReference; explicitFileType = wrapper.application; includeInIndex = 0; path = MacEtherScan.app; sourceTree = BUILT_PRODUCTS_DIR; };
		5225C4A31F98691300E2BC9F /* AppDelegate.swift */ = {isa = PBXFileReference; lastKnownFileType = sourcecode.swift; path = AppDelegate.swift; sourceTree = "<group>"; };
		5225C4A51F98691300E2BC9F /* ViewController.swift */ = {isa = PBXFileReference; lastKnownFileType = sourcecode.swift; path = ViewController.swift; sourceTree = "<group>"; };
		5225C4A71F98691300E2BC9F /* Assets.xcassets */ = {isa = PBXFileReference; lastKnownFileType = folder.assetcatalog; path = Assets.xcassets; sourceTree = "<group>"; };
		5225C4AA1F98691300E2BC9F /* Base */ = {isa = PBXFileReference; lastKnownFileType = file.storyboard; name = Base; path = Base.lproj/Main.storyboard; sourceTree = "<group>"; };
		5225C4AC1F98691300E2BC9F /* Info.plist */ = {isa = PBXFileReference; lastKnownFileType = text.plist.xml; path = Info.plist; sourceTree = "<group>"; };
		5225C4AD1F98691300E2BC9F /* MacEtherScan.entitlements */ = {isa = PBXFileReference; lastKnownFileType = text.plist.entitlements; path = MacEtherScan.entitlements; sourceTree = "<group>"; };
		540282C0DEFB4C231CE2EC57 /* Pods-MacEtherScan.debug.xcconfig */ = {isa = PBXFileReference; includeInIndex = 1; lastKnownFileType = text.xcconfig; name = "Pods-MacEtherScan.debug.xcconfig"; path = "Pods/Target Support Files/Pods-MacEtherScan/Pods-MacEtherScan.debug.xcconfig"; sourceTree = "<group>"; };
		E8F4B037B6947D0DB9A8EB30 /* Pods-MacEtherScan.release.xcconfig */ = {isa = PBXFileReference; includeInIndex = 1; lastKnownFileType = text.xcconfig; name = "Pods-MacEtherScan.release.xcconfig"; path = "Pods/Target Support Files/Pods-MacEtherScan/Pods-MacEtherScan.release.xcconfig"; sourceTree = "<group>"; };
/* End PBXFileReference section */

/* Begin PBXFrameworksBuildPhase section */
		5225C49D1F98691300E2BC9F /* Frameworks */ = {
			isa = PBXFrameworksBuildPhase;
			buildActionMask = 2147483647;
			files = (
				8B6F69EFDDA1BFA246BD0FCD /* Pods_MacEtherScan.framework in Frameworks */,
			);
			runOnlyForDeploymentPostprocessing = 0;
		};
/* End PBXFrameworksBuildPhase section */

/* Begin PBXGroup section */
		243FC988FFAE8247F8F75259 /* Frameworks */ = {
			isa = PBXGroup;
			children = (
				2DB43662AF249EAA4DCE2BD7 /* Pods_MacEtherScan.framework */,
			);
			name = Frameworks;
			sourceTree = "<group>";
		};
		5225C4971F98691300E2BC9F = {
			isa = PBXGroup;
			children = (
				5225C4A21F98691300E2BC9F /* MacEtherScan */,
				5225C4A11F98691300E2BC9F /* Products */,
				EB4C5EAA099D670A556A034D /* Pods */,
				243FC988FFAE8247F8F75259 /* Frameworks */,
			);
			sourceTree = "<group>";
		};
		5225C4A11F98691300E2BC9F /* Products */ = {
			isa = PBXGroup;
			children = (
				5225C4A01F98691300E2BC9F /* MacEtherScan.app */,
			);
			name = Products;
			sourceTree = "<group>";
		};
		5225C4A21F98691300E2BC9F /* MacEtherScan */ = {
			isa = PBXGroup;
			children = (
				5225C4A31F98691300E2BC9F /* AppDelegate.swift */,
				5225C4A51F98691300E2BC9F /* ViewController.swift */,
				5225C4A71F98691300E2BC9F /* Assets.xcassets */,
				5225C4A91F98691300E2BC9F /* Main.storyboard */,
				5225C4AC1F98691300E2BC9F /* Info.plist */,
				5225C4AD1F98691300E2BC9F /* MacEtherScan.entitlements */,
			);
			path = MacEtherScan;
			sourceTree = "<group>";
		};
		EB4C5EAA099D670A556A034D /* Pods */ = {
			isa = PBXGroup;
			children = (
				540282C0DEFB4C231CE2EC57 /* Pods-MacEtherScan.debug.xcconfig */,
				E8F4B037B6947D0DB9A8EB30 /* Pods-MacEtherScan.release.xcconfig */,
			);
			name = Pods;
			sourceTree = "<group>";
		};
/* End PBXGroup section */

/* Begin PBXNativeTarget section */
		5225C49F1F98691300E2BC9F /* MacEtherScan */ = {
			isa = PBXNativeTarget;
			buildConfigurationList = 5225C4B01F98691300E2BC9F /* Build configuration list for PBXNativeTarget "MacEtherScan" */;
			buildPhases = (
				E320FDC5AD748F5A8E3B8D3C /* [CP] Check Pods Manifest.lock */,
				5225C49C1F98691300E2BC9F /* Sources */,
				5225C49D1F98691300E2BC9F /* Frameworks */,
				5225C49E1F98691300E2BC9F /* Resources */,
				D1442887CE5972F3C0E30281 /* [CP] Embed Pods Frameworks */,
				D9C1BA8D09838AF99FD5ECE3 /* [CP] Copy Pods Resources */,
			);
			buildRules = (
			);
			dependencies = (
			);
			name = MacEtherScan;
			productName = MacEtherScan;
			productReference = 5225C4A01F98691300E2BC9F /* MacEtherScan.app */;
			productType = "com.apple.product-type.application";
		};
/* End PBXNativeTarget section */

/* Begin PBXProject section */
		5225C4981F98691300E2BC9F /* Project object */ = {
			isa = PBXProject;
			attributes = {
				LastSwiftUpdateCheck = 0900;
				LastUpgradeCheck = 0900;
				ORGANIZATIONNAME = "Indisputable Labs";
				TargetAttributes = {
					5225C49F1F98691300E2BC9F = {
						CreatedOnToolsVersion = 9.0;
						ProvisioningStyle = Automatic;
						SystemCapabilities = {
							com.apple.Sandbox = {
								enabled = 1;
							};
						};
					};
				};
			};
			buildConfigurationList = 5225C49B1F98691300E2BC9F /* Build configuration list for PBXProject "MacEtherScan" */;
			compatibilityVersion = "Xcode 8.0";
			developmentRegion = en;
			hasScannedForEncodings = 0;
			knownRegions = (
				en,
				Base,
			);
			mainGroup = 5225C4971F98691300E2BC9F;
			productRefGroup = 5225C4A11F98691300E2BC9F /* Products */;
			projectDirPath = "";
			projectRoot = "";
			targets = (
				5225C49F1F98691300E2BC9F /* MacEtherScan */,
			);
		};
/* End PBXProject section */

/* Begin PBXResourcesBuildPhase section */
		5225C49E1F98691300E2BC9F /* Resources */ = {
			isa = PBXResourcesBuildPhase;
			buildActionMask = 2147483647;
			files = (
				5225C4A81F98691300E2BC9F /* Assets.xcassets in Resources */,
				5225C4AB1F98691300E2BC9F /* Main.storyboard in Resources */,
			);
			runOnlyForDeploymentPostprocessing = 0;
		};
/* End PBXResourcesBuildPhase section */

/* Begin PBXShellScriptBuildPhase section */
		D1442887CE5972F3C0E30281 /* [CP] Embed Pods Frameworks */ = {
			isa = PBXShellScriptBuildPhase;
			buildActionMask = 2147483647;
			files = (
			);
			inputPaths = (
				"${SRCROOT}/Pods/Target Support Files/Pods-MacEtherScan/Pods-MacEtherScan-frameworks.sh",
				"${BUILT_PRODUCTS_DIR}/BigInt/BigInt.framework",
				"${BUILT_PRODUCTS_DIR}/SipHash/SipHash.framework",
				"${BUILT_PRODUCTS_DIR}/Swifthereum/Swifthereum.framework",
			);
			name = "[CP] Embed Pods Frameworks";
			outputPaths = (
				"${TARGET_BUILD_DIR}/${FRAMEWORKS_FOLDER_PATH}/BigInt.framework",
				"${TARGET_BUILD_DIR}/${FRAMEWORKS_FOLDER_PATH}/SipHash.framework",
				"${TARGET_BUILD_DIR}/${FRAMEWORKS_FOLDER_PATH}/Swifthereum.framework",
			);
			runOnlyForDeploymentPostprocessing = 0;
			shellPath = /bin/sh;
			shellScript = "\"${SRCROOT}/Pods/Target Support Files/Pods-MacEtherScan/Pods-MacEtherScan-frameworks.sh\"\n";
			showEnvVarsInLog = 0;
		};
		D9C1BA8D09838AF99FD5ECE3 /* [CP] Copy Pods Resources */ = {
			isa = PBXShellScriptBuildPhase;
			buildActionMask = 2147483647;
			files = (
			);
			inputPaths = (
			);
			name = "[CP] Copy Pods Resources";
			outputPaths = (
			);
			runOnlyForDeploymentPostprocessing = 0;
			shellPath = /bin/sh;
			shellScript = "\"${SRCROOT}/Pods/Target Support Files/Pods-MacEtherScan/Pods-MacEtherScan-resources.sh\"\n";
			showEnvVarsInLog = 0;
		};
		E320FDC5AD748F5A8E3B8D3C /* [CP] Check Pods Manifest.lock */ = {
			isa = PBXShellScriptBuildPhase;
			buildActionMask = 2147483647;
			files = (
			);
			inputPaths = (
				"${PODS_PODFILE_DIR_PATH}/Podfile.lock",
				"${PODS_ROOT}/Manifest.lock",
			);
			name = "[CP] Check Pods Manifest.lock";
			outputPaths = (
				"$(DERIVED_FILE_DIR)/Pods-MacEtherScan-checkManifestLockResult.txt",
			);
			runOnlyForDeploymentPostprocessing = 0;
			shellPath = /bin/sh;
			shellScript = "diff \"${PODS_PODFILE_DIR_PATH}/Podfile.lock\" \"${PODS_ROOT}/Manifest.lock\" > /dev/null\nif [ $? != 0 ] ; then\n    # print error to STDERR\n    echo \"error: The sandbox is not in sync with the Podfile.lock. Run 'pod install' or update your CocoaPods installation.\" >&2\n    exit 1\nfi\n# This output is used by Xcode 'outputs' to avoid re-running this script phase.\necho \"SUCCESS\" > \"${SCRIPT_OUTPUT_FILE_0}\"\n";
			showEnvVarsInLog = 0;
		};
/* End PBXShellScriptBuildPhase section */

/* Begin PBXSourcesBuildPhase section */
		5225C49C1F98691300E2BC9F /* Sources */ = {
			isa = PBXSourcesBuildPhase;
			buildActionMask = 2147483647;
			files = (
				5225C4A61F98691300E2BC9F /* ViewController.swift in Sources */,
				5225C4A41F98691300E2BC9F /* AppDelegate.swift in Sources */,
			);
			runOnlyForDeploymentPostprocessing = 0;
		};
/* End PBXSourcesBuildPhase section */

/* Begin PBXVariantGroup section */
		5225C4A91F98691300E2BC9F /* Main.storyboard */ = {
			isa = PBXVariantGroup;
			children = (
				5225C4AA1F98691300E2BC9F /* Base */,
			);
			name = Main.storyboard;
			sourceTree = "<group>";
		};
/* End PBXVariantGroup section */

/* Begin XCBuildConfiguration section */
		5225C4AE1F98691300E2BC9F /* Debug */ = {
			isa = XCBuildConfiguration;
			buildSettings = {
				ALWAYS_SEARCH_USER_PATHS = NO;
				CLANG_ANALYZER_NONNULL = YES;
				CLANG_ANALYZER_NUMBER_OBJECT_CONVERSION = YES_AGGRESSIVE;
				CLANG_CXX_LANGUAGE_STANDARD = "gnu++14";
				CLANG_CXX_LIBRARY = "libc++";
				CLANG_ENABLE_MODULES = YES;
				CLANG_ENABLE_OBJC_ARC = YES;
				CLANG_WARN_BLOCK_CAPTURE_AUTORELEASING = YES;
				CLANG_WARN_BOOL_CONVERSION = YES;
				CLANG_WARN_COMMA = YES;
				CLANG_WARN_CONSTANT_CONVERSION = YES;
				CLANG_WARN_DIRECT_OBJC_ISA_USAGE = YES_ERROR;
				CLANG_WARN_DOCUMENTATION_COMMENTS = YES;
				CLANG_WARN_EMPTY_BODY = YES;
				CLANG_WARN_ENUM_CONVERSION = YES;
				CLANG_WARN_INFINITE_RECURSION = YES;
				CLANG_WARN_INT_CONVERSION = YES;
				CLANG_WARN_NON_LITERAL_NULL_CONVERSION = YES;
				CLANG_WARN_OBJC_LITERAL_CONVERSION = YES;
				CLANG_WARN_OBJC_ROOT_CLASS = YES_ERROR;
				CLANG_WARN_RANGE_LOOP_ANALYSIS = YES;
				CLANG_WARN_STRICT_PROTOTYPES = YES;
				CLANG_WARN_SUSPICIOUS_MOVE = YES;
				CLANG_WARN_UNGUARDED_AVAILABILITY = YES_AGGRESSIVE;
				CLANG_WARN_UNREACHABLE_CODE = YES;
				CLANG_WARN__DUPLICATE_METHOD_MATCH = YES;
				CODE_SIGN_IDENTITY = "Mac Developer";
				COPY_PHASE_STRIP = NO;
				DEBUG_INFORMATION_FORMAT = dwarf;
				ENABLE_STRICT_OBJC_MSGSEND = YES;
				ENABLE_TESTABILITY = YES;
				GCC_C_LANGUAGE_STANDARD = gnu11;
				GCC_DYNAMIC_NO_PIC = NO;
				GCC_NO_COMMON_BLOCKS = YES;
				GCC_OPTIMIZATION_LEVEL = 0;
				GCC_PREPROCESSOR_DEFINITIONS = (
					"DEBUG=1",
					"$(inherited)",
				);
				GCC_WARN_64_TO_32_BIT_CONVERSION = YES;
				GCC_WARN_ABOUT_RETURN_TYPE = YES_ERROR;
				GCC_WARN_UNDECLARED_SELECTOR = YES;
				GCC_WARN_UNINITIALIZED_AUTOS = YES_AGGRESSIVE;
				GCC_WARN_UNUSED_FUNCTION = YES;
				GCC_WARN_UNUSED_VARIABLE = YES;
				MACOSX_DEPLOYMENT_TARGET = 10.12;
				MTL_ENABLE_DEBUG_INFO = YES;
				ONLY_ACTIVE_ARCH = YES;
				SDKROOT = macosx;
				SWIFT_ACTIVE_COMPILATION_CONDITIONS = DEBUG;
				SWIFT_OPTIMIZATION_LEVEL = "-Onone";
			};
			name = Debug;
		};
		5225C4AF1F98691300E2BC9F /* Release */ = {
			isa = XCBuildConfiguration;
			buildSettings = {
				ALWAYS_SEARCH_USER_PATHS = NO;
				CLANG_ANALYZER_NONNULL = YES;
				CLANG_ANALYZER_NUMBER_OBJECT_CONVERSION = YES_AGGRESSIVE;
				CLANG_CXX_LANGUAGE_STANDARD = "gnu++14";
				CLANG_CXX_LIBRARY = "libc++";
				CLANG_ENABLE_MODULES = YES;
				CLANG_ENABLE_OBJC_ARC = YES;
				CLANG_WARN_BLOCK_CAPTURE_AUTORELEASING = YES;
				CLANG_WARN_BOOL_CONVERSION = YES;
				CLANG_WARN_COMMA = YES;
				CLANG_WARN_CONSTANT_CONVERSION = YES;
				CLANG_WARN_DIRECT_OBJC_ISA_USAGE = YES_ERROR;
				CLANG_WARN_DOCUMENTATION_COMMENTS = YES;
				CLANG_WARN_EMPTY_BODY = YES;
				CLANG_WARN_ENUM_CONVERSION = YES;
				CLANG_WARN_INFINITE_RECURSION = YES;
				CLANG_WARN_INT_CONVERSION = YES;
				CLANG_WARN_NON_LITERAL_NULL_CONVERSION = YES;
				CLANG_WARN_OBJC_LITERAL_CONVERSION = YES;
				CLANG_WARN_OBJC_ROOT_CLASS = YES_ERROR;
				CLANG_WARN_RANGE_LOOP_ANALYSIS = YES;
				CLANG_WARN_STRICT_PROTOTYPES = YES;
				CLANG_WARN_SUSPICIOUS_MOVE = YES;
				CLANG_WARN_UNGUARDED_AVAILABILITY = YES_AGGRESSIVE;
				CLANG_WARN_UNREACHABLE_CODE = YES;
				CLANG_WARN__DUPLICATE_METHOD_MATCH = YES;
				CODE_SIGN_IDENTITY = "Mac Developer";
				COPY_PHASE_STRIP = NO;
				DEBUG_INFORMATION_FORMAT = "dwarf-with-dsym";
				ENABLE_NS_ASSERTIONS = NO;
				ENABLE_STRICT_OBJC_MSGSEND = YES;
				GCC_C_LANGUAGE_STANDARD = gnu11;
				GCC_NO_COMMON_BLOCKS = YES;
				GCC_WARN_64_TO_32_BIT_CONVERSION = YES;
				GCC_WARN_ABOUT_RETURN_TYPE = YES_ERROR;
				GCC_WARN_UNDECLARED_SELECTOR = YES;
				GCC_WARN_UNINITIALIZED_AUTOS = YES_AGGRESSIVE;
				GCC_WARN_UNUSED_FUNCTION = YES;
				GCC_WARN_UNUSED_VARIABLE = YES;
				MACOSX_DEPLOYMENT_TARGET = 10.12;
				MTL_ENABLE_DEBUG_INFO = NO;
				SDKROOT = macosx;
				SWIFT_OPTIMIZATION_LEVEL = "-Owholemodule";
			};
			name = Release;
		};
		5225C4B11F98691300E2BC9F /* Debug */ = {
			isa = XCBuildConfiguration;
			baseConfigurationReference = 540282C0DEFB4C231CE2EC57 /* Pods-MacEtherScan.debug.xcconfig */;
			buildSettings = {
				ASSETCATALOG_COMPILER_APPICON_NAME = AppIcon;
				CODE_SIGN_ENTITLEMENTS = MacEtherScan/MacEtherScan.entitlements;
				CODE_SIGN_STYLE = Automatic;
				COMBINE_HIDPI_IMAGES = YES;
				DEVELOPMENT_TEAM = QS2K96ZEMY;
				INFOPLIST_FILE = MacEtherScan/Info.plist;
				LD_RUNPATH_SEARCH_PATHS = "$(inherited) @executable_path/../Frameworks";
				PRODUCT_BUNDLE_IDENTIFIER = io.indisputable.MacEtherScan;
				PRODUCT_NAME = "$(TARGET_NAME)";
				SWIFT_VERSION = 4.0;
			};
			name = Debug;
		};
		5225C4B21F98691300E2BC9F /* Release */ = {
			isa = XCBuildConfiguration;
			baseConfigurationReference = E8F4B037B6947D0DB9A8EB30 /* Pods-MacEtherScan.release.xcconfig */;
			buildSettings = {
				ASSETCATALOG_COMPILER_APPICON_NAME = AppIcon;
				CODE_SIGN_ENTITLEMENTS = MacEtherScan/MacEtherScan.entitlements;
				CODE_SIGN_STYLE = Automatic;
				COMBINE_HIDPI_IMAGES = YES;
				DEVELOPMENT_TEAM = QS2K96ZEMY;
				INFOPLIST_FILE = MacEtherScan/Info.plist;
				LD_RUNPATH_SEARCH_PATHS = "$(inherited) @executable_path/../Frameworks";
				PRODUCT_BUNDLE_IDENTIFIER = io.indisputable.MacEtherScan;
				PRODUCT_NAME = "$(TARGET_NAME)";
				SWIFT_VERSION = 4.0;
			};
			name = Release;
		};
/* End XCBuildConfiguration section */

/* Begin XCConfigurationList section */
		5225C49B1F98691300E2BC9F /* Build configuration list for PBXProject "MacEtherScan" */ = {
			isa = XCConfigurationList;
			buildConfigurations = (
				5225C4AE1F98691300E2BC9F /* Debug */,
				5225C4AF1F98691300E2BC9F /* Release */,
			);
			defaultConfigurationIsVisible = 0;
			defaultConfigurationName = Release;
		};
		5225C4B01F98691300E2BC9F /* Build configuration list for PBXNativeTarget "MacEtherScan" */ = {
			isa = XCConfigurationList;
			buildConfigurations = (
				5225C4B11F98691300E2BC9F /* Debug */,
				5225C4B21F98691300E2BC9F /* Release */,
			);
			defaultConfigurationIsVisible = 0;
			defaultConfigurationName = Release;
		};
/* End XCConfigurationList section */
	};
	rootObject = 5225C4981F98691300E2BC9F /* Project object */;
}
